
Microsoft Visual Studio Solution File, Format Version 12.00
# Visual Studio Version 17
VisualStudioVersion = 17.8.34212.112
MinimumVisualStudioVersion = 10.0.40219.1
Project("{9A19103F-16F7-4668-BE54-9A1E7A4F7556}") = "Fitness-Tracker", "Fitness-Tracker.csproj", "{886B633F-8D30-451E-ADE7-09F8FCA4A2F4}"
EndProject
Global
	GlobalSection(SolutionConfigurationPlatforms) = preSolution
		Debug|Any CPU = Debug|Any CPU
		Release|Any CPU = Release|Any CPU
	EndGlobalSection
	GlobalSection(ProjectConfigurationPlatforms) = postSolution
		{886B633F-8D30-451E-ADE7-09F8FCA4A2F4}.Debug|Any CPU.ActiveCfg = Debug|Any CPU
		{886B633F-8D30-451E-ADE7-09F8FCA4A2F4}.Debug|Any CPU.Build.0 = Debug|Any CPU
		{886B633F-8D30-451E-ADE7-09F8FCA4A2F4}.Release|Any CPU.ActiveCfg = Release|Any CPU
		{886B633F-8D30-451E-ADE7-09F8FCA4A2F4}.Release|Any CPU.Build.0 = Release|Any CPU
	EndGlobalSection
	GlobalSection(SolutionProperties) = preSolution
		HideSolutionNode = FALSE
	EndGlobalSection
	GlobalSection(ExtensibilityGlobals) = postSolution
		SolutionGuid = {7535CC7C-3741-4949-8C77-9049CAB41448}
	EndGlobalSection
EndGlobal
